
Microsoft Visual Studio Solution File, Format Version 12.00
# Visual Studio 15
VisualStudioVersion = 15.0.26730.12
MinimumVisualStudioVersion = 10.0.40219.1
Project("{FAE04EC0-301F-11D3-BF4B-00C04F79EFBC}") = "WcfService1", "WcfService1\WcfService1.csproj", "{353B76AA-F888-4EA1-8E4C-27C9413E5E8A}"
EndProject
Project("{FAE04EC0-301F-11D3-BF4B-00C04F79EFBC}") = "ConsoleApplication1", "ConsoleApplication1\ConsoleApplication1.csproj", "{BFFD9ED5-FD9A-4D93-A1AA-2F3367768638}"
EndProject
Project("{FAE04EC0-301F-11D3-BF4B-00C04F79EFBC}") = "ClassLibrary1", "ClassLibrary1\ClassLibrary1.csproj", "{E80290D1-6DA6-40A8-9066-38A5D089785B}"
EndProject
Project("{FAE04EC0-301F-11D3-BF4B-00C04F79EFBC}") = "ClassLibrary2", "ClassLibrary2\ClassLibrary2.csproj", "{C88746B3-FB45-4763-B988-799AB125DE83}"
EndProject
Project("{FAE04EC0-301F-11D3-BF4B-00C04F79EFBC}") = "HisPlus-Core", "HisPlus-Core\HisPlus-Core.csproj", "{3554D298-061C-460C-B5BF-8F944155BF3D}"
EndProject
Project("{FAE04EC0-301F-11D3-BF4B-00C04F79EFBC}") = "HisPlus-NHibernate", "HisPlus-NHibernate\HisPlus-NHibernate.csproj", "{0E0CD5A4-34A3-4D16-845F-2D4DD4E15F7B}"
EndProject
Project("{FAE04EC0-301F-11D3-BF4B-00C04F79EFBC}") = "HisPlus-Domain", "HisPlus-Domain\HisPlus-Domain.csproj", "{B2A5F180-A906-4768-9E6A-2081F3EC5A9B}"
EndProject
Project("{FAE04EC0-301F-11D3-BF4B-00C04F79EFBC}") = "HisPlus-Mapping", "HisPlus-Mapping\HisPlus-Mapping.csproj", "{B971722C-ED26-4F92-B4D1-E06AFE1A59F8}"
EndProject
Project("{FAE04EC0-301F-11D3-BF4B-00C04F79EFBC}") = "ConsoleApp1", "ConsoleApp1\ConsoleApp1.csproj", "{47CF4C25-5057-416E-B687-1DCD2A60740C}"
EndProject
Project("{FAE04EC0-301F-11D3-BF4B-00C04F79EFBC}") = "HisPlus-Windsor", "HisPlus-Windsor\HisPlus-Windsor.csproj", "{455CDCAD-0106-490F-9911-A8102B666DB7}"
EndProject
Project("{FAE04EC0-301F-11D3-BF4B-00C04F79EFBC}") = "HisPlus-Service", "HisPlus-Service\HisPlus-Service.csproj", "{E281CA0A-DBB1-4731-8FCE-50A960E3F163}"
EndProject
Project("{FAE04EC0-301F-11D3-BF4B-00C04F79EFBC}") = "HisPlus-Contract", "HisPlus-Contract\HisPlus-Contract.csproj", "{65E14A03-DF0E-4718-95CD-42D19CF7494D}"
EndProject
Global
	GlobalSection(SolutionConfigurationPlatforms) = preSolution
		Debug|Any CPU = Debug|Any CPU
		Release|Any CPU = Release|Any CPU
	EndGlobalSection
	GlobalSection(ProjectConfigurationPlatforms) = postSolution
		{353B76AA-F888-4EA1-8E4C-27C9413E5E8A}.Debug|Any CPU.ActiveCfg = Debug|Any CPU
		{353B76AA-F888-4EA1-8E4C-27C9413E5E8A}.Debug|Any CPU.Build.0 = Debug|Any CPU
		{353B76AA-F888-4EA1-8E4C-27C9413E5E8A}.Release|Any CPU.ActiveCfg = Release|Any CPU
		{353B76AA-F888-4EA1-8E4C-27C9413E5E8A}.Release|Any CPU.Build.0 = Release|Any CPU
		{BFFD9ED5-FD9A-4D93-A1AA-2F3367768638}.Debug|Any CPU.ActiveCfg = Debug|Any CPU
		{BFFD9ED5-FD9A-4D93-A1AA-2F3367768638}.Debug|Any CPU.Build.0 = Debug|Any CPU
		{BFFD9ED5-FD9A-4D93-A1AA-2F3367768638}.Release|Any CPU.ActiveCfg = Release|Any CPU
		{BFFD9ED5-FD9A-4D93-A1AA-2F3367768638}.Release|Any CPU.Build.0 = Release|Any CPU
		{E80290D1-6DA6-40A8-9066-38A5D089785B}.Debug|Any CPU.ActiveCfg = Debug|Any CPU
		{E80290D1-6DA6-40A8-9066-38A5D089785B}.Debug|Any CPU.Build.0 = Debug|Any CPU
		{E80290D1-6DA6-40A8-9066-38A5D089785B}.Release|Any CPU.ActiveCfg = Release|Any CPU
		{E80290D1-6DA6-40A8-9066-38A5D089785B}.Release|Any CPU.Build.0 = Release|Any CPU
		{C88746B3-FB45-4763-B988-799AB125DE83}.Debug|Any CPU.ActiveCfg = Debug|Any CPU
		{C88746B3-FB45-4763-B988-799AB125DE83}.Debug|Any CPU.Build.0 = Debug|Any CPU
		{C88746B3-FB45-4763-B988-799AB125DE83}.Release|Any CPU.ActiveCfg = Release|Any CPU
		{C88746B3-FB45-4763-B988-799AB125DE83}.Release|Any CPU.Build.0 = Release|Any CPU
		{3554D298-061C-460C-B5BF-8F944155BF3D}.Debug|Any CPU.ActiveCfg = Debug|Any CPU
		{3554D298-061C-460C-B5BF-8F944155BF3D}.Debug|Any CPU.Build.0 = Debug|Any CPU
		{3554D298-061C-460C-B5BF-8F944155BF3D}.Release|Any CPU.ActiveCfg = Release|Any CPU
		{3554D298-061C-460C-B5BF-8F944155BF3D}.Release|Any CPU.Build.0 = Release|Any CPU
		{0E0CD5A4-34A3-4D16-845F-2D4DD4E15F7B}.Debug|Any CPU.ActiveCfg = Debug|Any CPU
		{0E0CD5A4-34A3-4D16-845F-2D4DD4E15F7B}.Debug|Any CPU.Build.0 = Debug|Any CPU
		{0E0CD5A4-34A3-4D16-845F-2D4DD4E15F7B}.Release|Any CPU.ActiveCfg = Release|Any CPU
		{0E0CD5A4-34A3-4D16-845F-2D4DD4E15F7B}.Release|Any CPU.Build.0 = Release|Any CPU
		{B2A5F180-A906-4768-9E6A-2081F3EC5A9B}.Debug|Any CPU.ActiveCfg = Debug|Any CPU
		{B2A5F180-A906-4768-9E6A-2081F3EC5A9B}.Debug|Any CPU.Build.0 = Debug|Any CPU
		{B2A5F180-A906-4768-9E6A-2081F3EC5A9B}.Release|Any CPU.ActiveCfg = Release|Any CPU
		{B2A5F180-A906-4768-9E6A-2081F3EC5A9B}.Release|Any CPU.Build.0 = Release|Any CPU
		{B971722C-ED26-4F92-B4D1-E06AFE1A59F8}.Debug|Any CPU.ActiveCfg = Debug|Any CPU
		{B971722C-ED26-4F92-B4D1-E06AFE1A59F8}.Debug|Any CPU.Build.0 = Debug|Any CPU
		{B971722C-ED26-4F92-B4D1-E06AFE1A59F8}.Release|Any CPU.ActiveCfg = Release|Any CPU
		{B971722C-ED26-4F92-B4D1-E06AFE1A59F8}.Release|Any CPU.Build.0 = Release|Any CPU
		{47CF4C25-5057-416E-B687-1DCD2A60740C}.Debug|Any CPU.ActiveCfg = Debug|Any CPU
		{47CF4C25-5057-416E-B687-1DCD2A60740C}.Debug|Any CPU.Build.0 = Debug|Any CPU
		{47CF4C25-5057-416E-B687-1DCD2A60740C}.Release|Any CPU.ActiveCfg = Release|Any CPU
		{47CF4C25-5057-416E-B687-1DCD2A60740C}.Release|Any CPU.Build.0 = Release|Any CPU
		{455CDCAD-0106-490F-9911-A8102B666DB7}.Debug|Any CPU.ActiveCfg = Debug|Any CPU
		{455CDCAD-0106-490F-9911-A8102B666DB7}.Debug|Any CPU.Build.0 = Debug|Any CPU
		{455CDCAD-0106-490F-9911-A8102B666DB7}.Release|Any CPU.ActiveCfg = Release|Any CPU
		{455CDCAD-0106-490F-9911-A8102B666DB7}.Release|Any CPU.Build.0 = Release|Any CPU
		{E281CA0A-DBB1-4731-8FCE-50A960E3F163}.Debug|Any CPU.ActiveCfg = Debug|Any CPU
		{E281CA0A-DBB1-4731-8FCE-50A960E3F163}.Debug|Any CPU.Build.0 = Debug|Any CPU
		{E281CA0A-DBB1-4731-8FCE-50A960E3F163}.Release|Any CPU.ActiveCfg = Release|Any CPU
		{E281CA0A-DBB1-4731-8FCE-50A960E3F163}.Release|Any CPU.Build.0 = Release|Any CPU
		{65E14A03-DF0E-4718-95CD-42D19CF7494D}.Debug|Any CPU.ActiveCfg = Debug|Any CPU
		{65E14A03-DF0E-4718-95CD-42D19CF7494D}.Debug|Any CPU.Build.0 = Debug|Any CPU
		{65E14A03-DF0E-4718-95CD-42D19CF7494D}.Release|Any CPU.ActiveCfg = Release|Any CPU
		{65E14A03-DF0E-4718-95CD-42D19CF7494D}.Release|Any CPU.Build.0 = Release|Any CPU
	EndGlobalSection
	GlobalSection(SolutionProperties) = preSolution
		HideSolutionNode = FALSE
	EndGlobalSection
	GlobalSection(ExtensibilityGlobals) = postSolution
		SolutionGuid = {7DF02808-8FDD-4057-8AC4-DE7CADEA6FA2}
	EndGlobalSection
EndGlobal
